GEM
  remote: https://rubygems.org/
  specs:
    ast (2.4.2)
    awesome_print (1.9.2)
    date (3.4.1)
    debug (1.10.0)
      irb (~> 1.10)
      reline (>= 0.3.8)
    dotenv (3.1.4)
    io-console (0.8.0)
    irb (1.14.3)
      rdoc (>= 4.0.0)
      reline (>= 0.4.2)
    json (2.7.5)
    language_server-protocol (3.17.0.3)
    minitest (6.0.1)
      prism (~> 1.5)
    parallel (1.26.3)
    parser (3.3.5.1)
      ast (~> 2.4.1)
      racc
    prettier_print (1.2.1)
    prism (1.9.0)
    psych (5.2.2)
      date
      stringio
    racc (1.8.1)
    rainbow (3.1.1)
    rake (13.3.1)
    rdoc (6.10.0)
      psych (>= 4.0.0)
    regexp_parser (2.9.2)
    reline (0.6.0)
      io-console (~> 0.5)
    rubocop (1.68.0)
      json (~> 2.3)
      language_server-protocol (>= 3.17.0)
      parallel (~> 1.10)
      parser (>= 3.3.0.2)
      rainbow (>= 2.2.2, < 4.0)
      regexp_parser (>= 2.4, < 3.0)
      rubocop-ast (>= 1.32.2, < 2.0)
      ruby-progressbar (~> 1.7)
      unicode-display_width (>= 2.4.0, < 3.0)
    rubocop-ast (1.33.1)
      parser (>= 3.3.1.0)
    ruby-progressbar (1.13.0)
    stringio (3.1.2)
    syntax_tree (6.2.0)
      prettier_print (>= 1.2.0)
    unicode-display_width (2.6.0)

PLATFORMS
  arm64-darwin-23
  ruby

DEPENDENCIES
  awesome_print
  debug
  dotenv
  minitest
  rake
  rubocop
  syntax_tree

BUNDLED WITH
   4.0.6
